
Microsoft Visual Studio Solution File, Format Version 12.00
# Visual Studio 15
VisualStudioVersion = 15.0.27004.2009
MinimumVisualStudioVersion = 10.0.40219.1
Project("{FAE04EC0-301F-11D3-BF4B-00C04F79EFBC}") = "MFATest.Android", "MFATest\MFATest.Android\MFATest.Android.csproj", "{BC9052CC-E1B8-436B-B415-E27931FD67AF}"
EndProject
Project("{FAE04EC0-301F-11D3-BF4B-00C04F79EFBC}") = "MFATest", "MFATest\MFATest\MFATest.csproj", "{004C1AF2-7DA0-4641-9282-A9BAE4C993E8}"
EndProject
Project("{FAE04EC0-301F-11D3-BF4B-00C04F79EFBC}") = "MFATest.UWP", "MFATest\MFATest.UWP\MFATest.UWP.csproj", "{70F07FB6-6869-4813-937E-65D66FDFC9E7}"
EndProject
Project("{FAE04EC0-301F-11D3-BF4B-00C04F79EFBC}") = "MFATest.iOS", "MFATest\MFATest.iOS\MFATest.iOS.csproj", "{C9A954D2-6113-4215-AA61-6658DA067791}"
EndProject
Global
	GlobalSection(SolutionConfigurationPlatforms) = preSolution
		Ad-Hoc|Any CPU = Ad-Hoc|Any CPU
		Ad-Hoc|ARM = Ad-Hoc|ARM
		Ad-Hoc|iPhone = Ad-Hoc|iPhone
		Ad-Hoc|iPhoneSimulator = Ad-Hoc|iPhoneSimulator
		Ad-Hoc|x64 = Ad-Hoc|x64
		Ad-Hoc|x86 = Ad-Hoc|x86
		AppStore|Any CPU = AppStore|Any CPU
		AppStore|ARM = AppStore|ARM
		AppStore|iPhone = AppStore|iPhone
		AppStore|iPhoneSimulator = AppStore|iPhoneSimulator
		AppStore|x64 = AppStore|x64
		AppStore|x86 = AppStore|x86
		Debug|Any CPU = Debug|Any CPU
		Debug|ARM = Debug|ARM
		Debug|iPhone = Debug|iPhone
		Debug|iPhoneSimulator = Debug|iPhoneSimulator
		Debug|x64 = Debug|x64
		Debug|x86 = Debug|x86
		Release|Any CPU = Release|Any CPU
		Release|ARM = Release|ARM
		Release|iPhone = Release|iPhone
		Release|iPhoneSimulator = Release|iPhoneSimulator
		Release|x64 = Release|x64
		Release|x86 = Release|x86
	EndGlobalSection
	GlobalSection(ProjectConfigurationPlatforms) = postSolution
		{BC9052CC-E1B8-436B-B415-E27931FD67AF}.Ad-Hoc|Any CPU.ActiveCfg = Release|Any CPU
		{BC9052CC-E1B8-436B-B415-E27931FD67AF}.Ad-Hoc|Any CPU.Build.0 = Release|Any CPU
		{BC9052CC-E1B8-436B-B415-E27931FD67AF}.Ad-Hoc|Any CPU.Deploy.0 = Release|Any CPU
		{BC9052CC-E1B8-436B-B415-E27931FD67AF}.Ad-Hoc|ARM.ActiveCfg = Release|Any CPU
		{BC9052CC-E1B8-436B-B415-E27931FD67AF}.Ad-Hoc|ARM.Build.0 = Release|Any CPU
		{BC9052CC-E1B8-436B-B415-E27931FD67AF}.Ad-Hoc|ARM.Deploy.0 = Release|Any CPU
		{BC9052CC-E1B8-436B-B415-E27931FD67AF}.Ad-Hoc|iPhone.ActiveCfg = Release|Any CPU
		{BC9052CC-E1B8-436B-B415-E27931FD67AF}.Ad-Hoc|iPhone.Build.0 = Release|Any CPU
		{BC9052CC-E1B8-436B-B415-E27931FD67AF}.Ad-Hoc|iPhone.Deploy.0 = Release|Any CPU
		{BC9052CC-E1B8-436B-B415-E27931FD67AF}.Ad-Hoc|iPhoneSimulator.ActiveCfg = Release|Any CPU
		{BC9052CC-E1B8-436B-B415-E27931FD67AF}.Ad-Hoc|iPhoneSimulator.Build.0 = Release|Any CPU
		{BC9052CC-E1B8-436B-B415-E27931FD67AF}.Ad-Hoc|iPhoneSimulator.Deploy.0 = Release|Any CPU
		{BC9052CC-E1B8-436B-B415-E27931FD67AF}.Ad-Hoc|x64.ActiveCfg = Release|Any CPU
		{BC9052CC-E1B8-436B-B415-E27931FD67AF}.Ad-Hoc|x64.Build.0 = Release|Any CPU
		{BC9052CC-E1B8-436B-B415-E27931FD67AF}.Ad-Hoc|x64.Deploy.0 = Release|Any CPU
		{BC9052CC-E1B8-436B-B415-E27931FD67AF}.Ad-Hoc|x86.ActiveCfg = Release|Any CPU
		{BC9052CC-E1B8-436B-B415-E27931FD67AF}.Ad-Hoc|x86.Build.0 = Release|Any CPU
		{BC9052CC-E1B8-436B-B415-E27931FD67AF}.Ad-Hoc|x86.Deploy.0 = Release|Any CPU
		{BC9052CC-E1B8-436B-B415-E27931FD67AF}.AppStore|Any CPU.ActiveCfg = Release|Any CPU
		{BC9052CC-E1B8-436B-B415-E27931FD67AF}.AppStore|Any CPU.Build.0 = Release|Any CPU
		{BC9052CC-E1B8-436B-B415-E27931FD67AF}.AppStore|Any CPU.Deploy.0 = Release|Any CPU
		{BC9052CC-E1B8-436B-B415-E27931FD67AF}.AppStore|ARM.ActiveCfg = Release|Any CPU
		{BC9052CC-E1B8-436B-B415-E27931FD67AF}.AppStore|ARM.Build.0 = Release|Any CPU
		{BC9052CC-E1B8-436B-B415-E27931FD67AF}.AppStore|ARM.Deploy.0 = Release|Any CPU
		{BC9052CC-E1B8-436B-B415-E27931FD67AF}.AppStore|iPhone.ActiveCfg = Release|Any CPU
		{BC9052CC-E1B8-436B-B415-E27931FD67AF}.AppStore|iPhone.Build.0 = Release|Any CPU
		{BC9052CC-E1B8-436B-B415-E27931FD67AF}.AppStore|iPhone.Deploy.0 = Release|Any CPU
		{BC9052CC-E1B8-436B-B415-E27931FD67AF}.AppStore|iPhoneSimulator.ActiveCfg = Release|Any CPU
		{BC9052CC-E1B8-436B-B415-E27931FD67AF}.AppStore|iPhoneSimulator.Build.0 = Release|Any CPU
		{BC9052CC-E1B8-436B-B415-E27931FD67AF}.AppStore|iPhoneSimulator.Deploy.0 = Release|Any CPU
		{BC9052CC-E1B8-436B-B415-E27931FD67AF}.AppStore|x64.ActiveCfg = Release|Any CPU
		{BC9052CC-E1B8-436B-B415-E27931FD67AF}.AppStore|x64.Build.0 = Release|Any CPU
		{BC9052CC-E1B8-436B-B415-E27931FD67AF}.AppStore|x64.Deploy.0 = Release|Any CPU
		{BC9052CC-E1B8-436B-B415-E27931FD67AF}.AppStore|x86.ActiveCfg = Release|Any CPU
		{BC9052CC-E1B8-436B-B415-E27931FD67AF}.AppStore|x86.Build.0 = Release|Any CPU
		{BC9052CC-E1B8-436B-B415-E27931FD67AF}.AppStore|x86.Deploy.0 = Release|Any CPU
		{BC9052CC-E1B8-436B-B415-E27931FD67AF}.Debug|Any CPU.ActiveCfg = Debug|Any CPU
		{BC9052CC-E1B8-436B-B415-E27931FD67AF}.Debug|Any CPU.Build.0 = Debug|Any CPU
		{BC9052CC-E1B8-436B-B415-E27931FD67AF}.Debug|Any CPU.Deploy.0 = Debug|Any CPU
		{BC9052CC-E1B8-436B-B415-E27931FD67AF}.Debug|ARM.ActiveCfg = Debug|Any CPU
		{BC9052CC-E1B8-436B-B415-E27931FD67AF}.Debug|ARM.Build.0 = Debug|Any CPU
		{BC9052CC-E1B8-436B-B415-E27931FD67AF}.Debug|ARM.Deploy.0 = Debug|Any CPU
		{BC9052CC-E1B8-436B-B415-E27931FD67AF}.Debug|iPhone.ActiveCfg = Debug|Any CPU
		{BC9052CC-E1B8-436B-B415-E27931FD67AF}.Debug|iPhone.Build.0 = Debug|Any CPU
		{BC9052CC-E1B8-436B-B415-E27931FD67AF}.Debug|iPhone.Deploy.0 = Debug|Any CPU
		{BC9052CC-E1B8-436B-B415-E27931FD67AF}.Debug|iPhoneSimulator.ActiveCfg = Debug|Any CPU
		{BC9052CC-E1B8-436B-B415-E27931FD67AF}.Debug|iPhoneSimulator.Build.0 = Debug|Any CPU
		{BC9052CC-E1B8-436B-B415-E27931FD67AF}.Debug|iPhoneSimulator.Deploy.0 = Debug|Any CPU
		{BC9052CC-E1B8-436B-B415-E27931FD67AF}.Debug|x64.ActiveCfg = Debug|Any CPU
		{BC9052CC-E1B8-436B-B415-E27931FD67AF}.Debug|x64.Build.0 = Debug|Any CPU
		{BC9052CC-E1B8-436B-B415-E27931FD67AF}.Debug|x64.Deploy.0 = Debug|Any CPU
		{BC9052CC-E1B8-436B-B415-E27931FD67AF}.Debug|x86.ActiveCfg = Debug|Any CPU
		{BC9052CC-E1B8-436B-B415-E27931FD67AF}.Debug|x86.Build.0 = Debug|Any CPU
		{BC9052CC-E1B8-436B-B415-E27931FD67AF}.Debug|x86.Deploy.0 = Debug|Any CPU
		{BC9052CC-E1B8-436B-B415-E27931FD67AF}.Release|Any CPU.ActiveCfg = Release|Any CPU
		{BC9052CC-E1B8-436B-B415-E27931FD67AF}.Release|Any CPU.Build.0 = Release|Any CPU
		{BC9052CC-E1B8-436B-B415-E27931FD67AF}.Release|Any CPU.Deploy.0 = Release|Any CPU
		{BC9052CC-E1B8-436B-B415-E27931FD67AF}.Release|ARM.ActiveCfg = Release|Any CPU
		{BC9052CC-E1B8-436B-B415-E27931FD67AF}.Release|ARM.Build.0 = Release|Any CPU
		{BC9052CC-E1B8-436B-B415-E27931FD67AF}.Release|ARM.Deploy.0 = Release|Any CPU
		{BC9052CC-E1B8-436B-B415-E27931FD67AF}.Release|iPhone.ActiveCfg = Release|Any CPU
		{BC9052CC-E1B8-436B-B415-E27931FD67AF}.Release|iPhone.Build.0 = Release|Any CPU
		{BC9052CC-E1B8-436B-B415-E27931FD67AF}.Release|iPhone.Deploy.0 = Release|Any CPU
		{BC9052CC-E1B8-436B-B415-E27931FD67AF}.Release|iPhoneSimulator.ActiveCfg = Release|Any CPU
		{BC9052CC-E1B8-436B-B415-E27931FD67AF}.Release|iPhoneSimulator.Build.0 = Release|Any CPU
		{BC9052CC-E1B8-436B-B415-E27931FD67AF}.Release|iPhoneSimulator.Deploy.0 = Release|Any CPU
		{BC9052CC-E1B8-436B-B415-E27931FD67AF}.Release|x64.ActiveCfg = Release|Any CPU
		{BC9052CC-E1B8-436B-B415-E27931FD67AF}.Release|x64.Build.0 = Release|Any CPU
		{BC9052CC-E1B8-436B-B415-E27931FD67AF}.Release|x64.Deploy.0 = Release|Any CPU
		{BC9052CC-E1B8-436B-B415-E27931FD67AF}.Release|x86.ActiveCfg = Release|Any CPU
		{BC9052CC-E1B8-436B-B415-E27931FD67AF}.Release|x86.Build.0 = Release|Any CPU
		{BC9052CC-E1B8-436B-B415-E27931FD67AF}.Release|x86.Deploy.0 = Release|Any CPU
		{004C1AF2-7DA0-4641-9282-A9BAE4C993E8}.Ad-Hoc|Any CPU.ActiveCfg = Release|Any CPU
		{004C1AF2-7DA0-4641-9282-A9BAE4C993E8}.Ad-Hoc|Any CPU.Build.0 = Release|Any CPU
		{004C1AF2-7DA0-4641-9282-A9BAE4C993E8}.Ad-Hoc|ARM.ActiveCfg = Release|Any CPU
		{004C1AF2-7DA0-4641-9282-A9BAE4C993E8}.Ad-Hoc|ARM.Build.0 = Release|Any CPU
		{004C1AF2-7DA0-4641-9282-A9BAE4C993E8}.Ad-Hoc|iPhone.ActiveCfg = Release|Any CPU
		{004C1AF2-7DA0-4641-9282-A9BAE4C993E8}.Ad-Hoc|iPhone.Build.0 = Release|Any CPU
		{004C1AF2-7DA0-4641-9282-A9BAE4C993E8}.Ad-Hoc|iPhoneSimulator.ActiveCfg = Release|Any CPU
		{004C1AF2-7DA0-4641-9282-A9BAE4C993E8}.Ad-Hoc|iPhoneSimulator.Build.0 = Release|Any CPU
		{004C1AF2-7DA0-4641-9282-A9BAE4C993E8}.Ad-Hoc|x64.ActiveCfg = Release|Any CPU
		{004C1AF2-7DA0-4641-9282-A9BAE4C993E8}.Ad-Hoc|x64.Build.0 = Release|Any CPU
		{004C1AF2-7DA0-4641-9282-A9BAE4C993E8}.Ad-Hoc|x86.ActiveCfg = Release|Any CPU
		{004C1AF2-7DA0-4641-9282-A9BAE4C993E8}.Ad-Hoc|x86.Build.0 = Release|Any CPU
		{004C1AF2-7DA0-4641-9282-A9BAE4C993E8}.AppStore|Any CPU.ActiveCfg = Release|Any CPU
		{004C1AF2-7DA0-4641-9282-A9BAE4C993E8}.AppStore|Any CPU.Build.0 = Release|Any CPU
		{004C1AF2-7DA0-4641-9282-A9BAE4C993E8}.AppStore|ARM.ActiveCfg = Release|Any CPU
		{004C1AF2-7DA0-4641-9282-A9BAE4C993E8}.AppStore|ARM.Build.0 = Release|Any CPU
		{004C1AF2-7DA0-4641-9282-A9BAE4C993E8}.AppStore|iPhone.ActiveCfg = Release|Any CPU
		{004C1AF2-7DA0-4641-9282-A9BAE4C993E8}.AppStore|iPhone.Build.0 = Release|Any CPU
		{004C1AF2-7DA0-4641-9282-A9BAE4C993E8}.AppStore|iPhoneSimulator.ActiveCfg = Release|Any CPU
		{004C1AF2-7DA0-4641-9282-A9BAE4C993E8}.AppStore|iPhoneSimulator.Build.0 = Release|Any CPU
		{004C1AF2-7DA0-4641-9282-A9BAE4C993E8}.AppStore|x64.ActiveCfg = Release|Any CPU
		{004C1AF2-7DA0-4641-9282-A9BAE4C993E8}.AppStore|x64.Build.0 = Release|Any CPU
		{004C1AF2-7DA0-4641-9282-A9BAE4C993E8}.AppStore|x86.ActiveCfg = Release|Any CPU
		{004C1AF2-7DA0-4641-9282-A9BAE4C993E8}.AppStore|x86.Build.0 = Release|Any CPU
		{004C1AF2-7DA0-4641-9282-A9BAE4C993E8}.Debug|Any CPU.ActiveCfg = Debug|Any CPU
		{004C1AF2-7DA0-4641-9282-A9BAE4C993E8}.Debug|Any CPU.Build.0 = Debug|Any CPU
		{004C1AF2-7DA0-4641-9282-A9BAE4C993E8}.Debug|ARM.ActiveCfg = Debug|Any CPU
		{004C1AF2-7DA0-4641-9282-A9BAE4C993E8}.Debug|ARM.Build.0 = Debug|Any CPU
		{004C1AF2-7DA0-4641-9282-A9BAE4C993E8}.Debug|iPhone.ActiveCfg = Debug|Any CPU
		{004C1AF2-7DA0-4641-9282-A9BAE4C993E8}.Debug|iPhone.Build.0 = Debug|Any CPU
		{004C1AF2-7DA0-4641-9282-A9BAE4C993E8}.Debug|iPhoneSimulator.ActiveCfg = Debug|Any CPU
		{004C1AF2-7DA0-4641-9282-A9BAE4C993E8}.Debug|iPhoneSimulator.Build.0 = Debug|Any CPU
		{004C1AF2-7DA0-4641-9282-A9BAE4C993E8}.Debug|x64.ActiveCfg = Debug|Any CPU
		{004C1AF2-7DA0-4641-9282-A9BAE4C993E8}.Debug|x64.Build.0 = Debug|Any CPU
		{004C1AF2-7DA0-4641-9282-A9BAE4C993E8}.Debug|x86.ActiveCfg = Debug|Any CPU
		{004C1AF2-7DA0-4641-9282-A9BAE4C993E8}.Debug|x86.Build.0 = Debug|Any CPU
		{004C1AF2-7DA0-4641-9282-A9BAE4C993E8}.Release|Any CPU.ActiveCfg = Release|Any CPU
		{004C1AF2-7DA0-4641-9282-A9BAE4C993E8}.Release|Any CPU.Build.0 = Release|Any CPU
		{004C1AF2-7DA0-4641-9282-A9BAE4C993E8}.Release|ARM.ActiveCfg = Release|Any CPU
		{004C1AF2-7DA0-4641-9282-A9BAE4C993E8}.Release|ARM.Build.0 = Release|Any CPU
		{004C1AF2-7DA0-4641-9282-A9BAE4C993E8}.Release|iPhone.ActiveCfg = Release|Any CPU
		{004C1AF2-7DA0-4641-9282-A9BAE4C993E8}.Release|iPhone.Build.0 = Release|Any CPU
		{004C1AF2-7DA0-4641-9282-A9BAE4C993E8}.Release|iPhoneSimulator.ActiveCfg = Release|Any CPU
		{004C1AF2-7DA0-4641-9282-A9BAE4C993E8}.Release|iPhoneSimulator.Build.0 = Release|Any CPU
		{004C1AF2-7DA0-4641-9282-A9BAE4C993E8}.Release|x64.ActiveCfg = Release|Any CPU
		{004C1AF2-7DA0-4641-9282-A9BAE4C993E8}.Release|x64.Build.0 = Release|Any CPU
		{004C1AF2-7DA0-4641-9282-A9BAE4C993E8}.Release|x86.ActiveCfg = Release|Any CPU
		{004C1AF2-7DA0-4641-9282-A9BAE4C993E8}.Release|x86.Build.0 = Release|Any CPU
		{70F07FB6-6869-4813-937E-65D66FDFC9E7}.Ad-Hoc|Any CPU.ActiveCfg = Release|x86
		{70F07FB6-6869-4813-937E-65D66FDFC9E7}.Ad-Hoc|Any CPU.Build.0 = Release|x86
		{70F07FB6-6869-4813-937E-65D66FDFC9E7}.Ad-Hoc|Any CPU.Deploy.0 = Release|x86
		{70F07FB6-6869-4813-937E-65D66FDFC9E7}.Ad-Hoc|ARM.ActiveCfg = Release|ARM
		{70F07FB6-6869-4813-937E-65D66FDFC9E7}.Ad-Hoc|ARM.Build.0 = Release|ARM
		{70F07FB6-6869-4813-937E-65D66FDFC9E7}.Ad-Hoc|ARM.Deploy.0 = Release|ARM
		{70F07FB6-6869-4813-937E-65D66FDFC9E7}.Ad-Hoc|iPhone.ActiveCfg = Release|x86
		{70F07FB6-6869-4813-937E-65D66FDFC9E7}.Ad-Hoc|iPhone.Build.0 = Release|x86
		{70F07FB6-6869-4813-937E-65D66FDFC9E7}.Ad-Hoc|iPhone.Deploy.0 = Release|x86
		{70F07FB6-6869-4813-937E-65D66FDFC9E7}.Ad-Hoc|iPhoneSimulator.ActiveCfg = Release|x86
		{70F07FB6-6869-4813-937E-65D66FDFC9E7}.Ad-Hoc|iPhoneSimulator.Build.0 = Release|x86
		{70F07FB6-6869-4813-937E-65D66FDFC9E7}.Ad-Hoc|iPhoneSimulator.Deploy.0 = Release|x86
		{70F07FB6-6869-4813-937E-65D66FDFC9E7}.Ad-Hoc|x64.ActiveCfg = Release|x64
		{70F07FB6-6869-4813-937E-65D66FDFC9E7}.Ad-Hoc|x64.Build.0 = Release|x64
		{70F07FB6-6869-4813-937E-65D66FDFC9E7}.Ad-Hoc|x64.Deploy.0 = Release|x64
		{70F07FB6-6869-4813-937E-65D66FDFC9E7}.Ad-Hoc|x86.ActiveCfg = Release|x86
		{70F07FB6-6869-4813-937E-65D66FDFC9E7}.Ad-Hoc|x86.Build.0 = Release|x86
		{70F07FB6-6869-4813-937E-65D66FDFC9E7}.Ad-Hoc|x86.Deploy.0 = Release|x86
		{70F07FB6-6869-4813-937E-65D66FDFC9E7}.AppStore|Any CPU.ActiveCfg = Release|x86
		{70F07FB6-6869-4813-937E-65D66FDFC9E7}.AppStore|Any CPU.Build.0 = Release|x86
		{70F07FB6-6869-4813-937E-65D66FDFC9E7}.AppStore|Any CPU.Deploy.0 = Release|x86
		{70F07FB6-6869-4813-937E-65D66FDFC9E7}.AppStore|ARM.ActiveCfg = Release|ARM
		{70F07FB6-6869-4813-937E-65D66FDFC9E7}.AppStore|ARM.Build.0 = Release|ARM
		{70F07FB6-6869-4813-937E-65D66FDFC9E7}.AppStore|ARM.Deploy.0 = Release|ARM
		{70F07FB6-6869-4813-937E-65D66FDFC9E7}.AppStore|iPhone.ActiveCfg = Release|x86
		{70F07FB6-6869-4813-937E-65D66FDFC9E7}.AppStore|iPhone.Build.0 = Release|x86
		{70F07FB6-6869-4813-937E-65D66FDFC9E7}.AppStore|iPhone.Deploy.0 = Release|x86
		{70F07FB6-6869-4813-937E-65D66FDFC9E7}.AppStore|iPhoneSimulator.ActiveCfg = Release|x86
		{70F07FB6-6869-4813-937E-65D66FDFC9E7}.AppStore|iPhoneSimulator.Build.0 = Release|x86
		{70F07FB6-6869-4813-937E-65D66FDFC9E7}.AppStore|iPhoneSimulator.Deploy.0 = Release|x86
		{70F07FB6-6869-4813-937E-65D66FDFC9E7}.AppStore|x64.ActiveCfg = Release|x64
		{70F07FB6-6869-4813-937E-65D66FDFC9E7}.AppStore|x64.Build.0 = Release|x64
		{70F07FB6-6869-4813-937E-65D66FDFC9E7}.AppStore|x64.Deploy.0 = Release|x64
		{70F07FB6-6869-4813-937E-65D66FDFC9E7}.AppStore|x86.ActiveCfg = Release|x86
		{70F07FB6-6869-4813-937E-65D66FDFC9E7}.AppStore|x86.Build.0 = Release|x86
		{70F07FB6-6869-4813-937E-65D66FDFC9E7}.AppStore|x86.Deploy.0 = Release|x86
		{70F07FB6-6869-4813-937E-65D66FDFC9E7}.Debug|Any CPU.ActiveCfg = Debug|x86
		{70F07FB6-6869-4813-937E-65D66FDFC9E7}.Debug|ARM.ActiveCfg = Debug|ARM
		{70F07FB6-6869-4813-937E-65D66FDFC9E7}.Debug|ARM.Build.0 = Debug|ARM
		{70F07FB6-6869-4813-937E-65D66FDFC9E7}.Debug|ARM.Deploy.0 = Debug|ARM
		{70F07FB6-6869-4813-937E-65D66FDFC9E7}.Debug|iPhone.ActiveCfg = Debug|x86
		{70F07FB6-6869-4813-937E-65D66FDFC9E7}.Debug|iPhoneSimulator.ActiveCfg = Debug|x86
		{70F07FB6-6869-4813-937E-65D66FDFC9E7}.Debug|x64.ActiveCfg = Debug|x64
		{70F07FB6-6869-4813-937E-65D66FDFC9E7}.Debug|x64.Build.0 = Debug|x64
		{70F07FB6-6869-4813-937E-65D66FDFC9E7}.Debug|x64.Deploy.0 = Debug|x64
		{70F07FB6-6869-4813-937E-65D66FDFC9E7}.Debug|x86.ActiveCfg = Debug|x86
		{70F07FB6-6869-4813-937E-65D66FDFC9E7}.Debug|x86.Build.0 = Debug|x86
		{70F07FB6-6869-4813-937E-65D66FDFC9E7}.Debug|x86.Deploy.0 = Debug|x86
		{70F07FB6-6869-4813-937E-65D66FDFC9E7}.Release|Any CPU.ActiveCfg = Release|x86
		{70F07FB6-6869-4813-937E-65D66FDFC9E7}.Release|ARM.ActiveCfg = Release|ARM
		{70F07FB6-6869-4813-937E-65D66FDFC9E7}.Release|ARM.Build.0 = Release|ARM
		{70F07FB6-6869-4813-937E-65D66FDFC9E7}.Release|ARM.Deploy.0 = Release|ARM
		{70F07FB6-6869-4813-937E-65D66FDFC9E7}.Release|iPhone.ActiveCfg = Release|x86
		{70F07FB6-6869-4813-937E-65D66FDFC9E7}.Release|iPhoneSimulator.ActiveCfg = Release|x86
		{70F07FB6-6869-4813-937E-65D66FDFC9E7}.Release|x64.ActiveCfg = Release|x64
		{70F07FB6-6869-4813-937E-65D66FDFC9E7}.Release|x64.Build.0 = Release|x64
		{70F07FB6-6869-4813-937E-65D66FDFC9E7}.Release|x64.Deploy.0 = Release|x64
		{70F07FB6-6869-4813-937E-65D66FDFC9E7}.Release|x86.ActiveCfg = Release|x86
		{70F07FB6-6869-4813-937E-65D66FDFC9E7}.Release|x86.Build.0 = Release|x86
		{70F07FB6-6869-4813-937E-65D66FDFC9E7}.Release|x86.Deploy.0 = Release|x86
		{C9A954D2-6113-4215-AA61-6658DA067791}.Ad-Hoc|Any CPU.ActiveCfg = Ad-Hoc|iPhoneSimulator
		{C9A954D2-6113-4215-AA61-6658DA067791}.Ad-Hoc|ARM.ActiveCfg = Ad-Hoc|iPhone
		{C9A954D2-6113-4215-AA61-6658DA067791}.Ad-Hoc|iPhone.ActiveCfg = Ad-Hoc|iPhone
		{C9A954D2-6113-4215-AA61-6658DA067791}.Ad-Hoc|iPhone.Build.0 = Ad-Hoc|iPhone
		{C9A954D2-6113-4215-AA61-6658DA067791}.Ad-Hoc|iPhoneSimulator.ActiveCfg = Ad-Hoc|iPhoneSimulator
		{C9A954D2-6113-4215-AA61-6658DA067791}.Ad-Hoc|iPhoneSimulator.Build.0 = Ad-Hoc|iPhoneSimulator
		{C9A954D2-6113-4215-AA61-6658DA067791}.Ad-Hoc|x64.ActiveCfg = Ad-Hoc|iPhone
		{C9A954D2-6113-4215-AA61-6658DA067791}.Ad-Hoc|x86.ActiveCfg = Ad-Hoc|iPhone
		{C9A954D2-6113-4215-AA61-6658DA067791}.AppStore|Any CPU.ActiveCfg = AppStore|iPhoneSimulator
		{C9A954D2-6113-4215-AA61-6658DA067791}.AppStore|ARM.ActiveCfg = AppStore|iPhone
		{C9A954D2-6113-4215-AA61-6658DA067791}.AppStore|iPhone.ActiveCfg = AppStore|iPhone
		{C9A954D2-6113-4215-AA61-6658DA067791}.AppStore|iPhone.Build.0 = AppStore|iPhone
		{C9A954D2-6113-4215-AA61-6658DA067791}.AppStore|iPhoneSimulator.ActiveCfg = AppStore|iPhoneSimulator
		{C9A954D2-6113-4215-AA61-6658DA067791}.AppStore|iPhoneSimulator.Build.0 = AppStore|iPhoneSimulator
		{C9A954D2-6113-4215-AA61-6658DA067791}.AppStore|x64.ActiveCfg = AppStore|iPhone
		{C9A954D2-6113-4215-AA61-6658DA067791}.AppStore|x86.ActiveCfg = AppStore|iPhone
		{C9A954D2-6113-4215-AA61-6658DA067791}.Debug|Any CPU.ActiveCfg = Debug|iPhoneSimulator
		{C9A954D2-6113-4215-AA61-6658DA067791}.Debug|ARM.ActiveCfg = Debug|iPhone
		{C9A954D2-6113-4215-AA61-6658DA067791}.Debug|iPhone.ActiveCfg = Debug|iPhone
		{C9A954D2-6113-4215-AA61-6658DA067791}.Debug|iPhone.Build.0 = Debug|iPhone
		{C9A954D2-6113-4215-AA61-6658DA067791}.Debug|iPhoneSimulator.ActiveCfg = Debug|iPhoneSimulator
		{C9A954D2-6113-4215-AA61-6658DA067791}.Debug|iPhoneSimulator.Build.0 = Debug|iPhoneSimulator
		{C9A954D2-6113-4215-AA61-6658DA067791}.Debug|x64.ActiveCfg = Debug|iPhone
		{C9A954D2-6113-4215-AA61-6658DA067791}.Debug|x86.ActiveCfg = Debug|iPhone
		{C9A954D2-6113-4215-AA61-6658DA067791}.Release|Any CPU.ActiveCfg = Release|iPhoneSimulator
		{C9A954D2-6113-4215-AA61-6658DA067791}.Release|ARM.ActiveCfg = Release|iPhone
		{C9A954D2-6113-4215-AA61-6658DA067791}.Release|iPhone.ActiveCfg = Release|iPhone
		{C9A954D2-6113-4215-AA61-6658DA067791}.Release|iPhone.Build.0 = Release|iPhone
		{C9A954D2-6113-4215-AA61-6658DA067791}.Release|iPhoneSimulator.ActiveCfg = Release|iPhoneSimulator
		{C9A954D2-6113-4215-AA61-6658DA067791}.Release|iPhoneSimulator.Build.0 = Release|iPhoneSimulator
		{C9A954D2-6113-4215-AA61-6658DA067791}.Release|x64.ActiveCfg = Release|iPhone
		{C9A954D2-6113-4215-AA61-6658DA067791}.Release|x86.ActiveCfg = Release|iPhone
	EndGlobalSection
	GlobalSection(SolutionProperties) = preSolution
		HideSolutionNode = FALSE
	EndGlobalSection
	GlobalSection(ExtensibilityGlobals) = postSolution
		SolutionGuid = {D39600D2-F860-468A-939D-7D5B34852AB7}
	EndGlobalSection
EndGlobal
